
Microsoft Visual Studio Solution File, Format Version 12.00
# Visual Studio Version 16
VisualStudioVersion = 16.0.31205.134
MinimumVisualStudioVersion = 10.0.40219.1
Project("{FAE04EC0-301F-11D3-BF4B-00C04F79EFBC}") = "BenchmarkApp.Server", "BenchmarkApp\Server\BenchmarkApp.Server.csproj", "{0DFB036D-1DE1-41F3-987C-ABF9B7EAD3E6}"
EndProject
Project("{FAE04EC0-301F-11D3-BF4B-00C04F79EFBC}") = "BenchmarkApp.Client", "BenchmarkApp\Client\BenchmarkApp.Client.csproj", "{F0846B42-90AE-4476-80B8-6C982F69E058}"
EndProject
Project("{FAE04EC0-301F-11D3-BF4B-00C04F79EFBC}") = "BenchmarkApp.Shared", "BenchmarkApp\Shared\BenchmarkApp.Shared.csproj", "{69F47137-8559-4F1E-8CFB-6A84394F3834}"
EndProject
Project("{FAE04EC0-301F-11D3-BF4B-00C04F79EFBC}") = "BenchmarkApp.Deployment", "BenchmarkApp\Deployment\BenchmarkApp.Deployment.csproj", "{B1DFCAD0-7BDC-4D13-9D35-1EF360DC500C}"
EndProject
Project("{FAE04EC0-301F-11D3-BF4B-00C04F79EFBC}") = "QueryString", "QueryString\QueryString.csproj", "{C8E63D97-E795-4889-B6C1-8B1DA235DD36}"
EndProject
Global
	GlobalSection(SolutionConfigurationPlatforms) = preSolution
		Debug|Any CPU = Debug|Any CPU
		Release|Any CPU = Release|Any CPU
	EndGlobalSection
	GlobalSection(ProjectConfigurationPlatforms) = postSolution
		{0DFB036D-1DE1-41F3-987C-ABF9B7EAD3E6}.Debug|Any CPU.ActiveCfg = Debug|Any CPU
		{0DFB036D-1DE1-41F3-987C-ABF9B7EAD3E6}.Debug|Any CPU.Build.0 = Debug|Any CPU
		{0DFB036D-1DE1-41F3-987C-ABF9B7EAD3E6}.Release|Any CPU.ActiveCfg = Release|Any CPU
		{0DFB036D-1DE1-41F3-987C-ABF9B7EAD3E6}.Release|Any CPU.Build.0 = Release|Any CPU
		{F0846B42-90AE-4476-80B8-6C982F69E058}.Debug|Any CPU.ActiveCfg = Debug|Any CPU
		{F0846B42-90AE-4476-80B8-6C982F69E058}.Debug|Any CPU.Build.0 = Debug|Any CPU
		{F0846B42-90AE-4476-80B8-6C982F69E058}.Release|Any CPU.ActiveCfg = Release|Any CPU
		{F0846B42-90AE-4476-80B8-6C982F69E058}.Release|Any CPU.Build.0 = Release|Any CPU
		{69F47137-8559-4F1E-8CFB-6A84394F3834}.Debug|Any CPU.ActiveCfg = Debug|Any CPU
		{69F47137-8559-4F1E-8CFB-6A84394F3834}.Debug|Any CPU.Build.0 = Debug|Any CPU
		{69F47137-8559-4F1E-8CFB-6A84394F3834}.Release|Any CPU.ActiveCfg = Release|Any CPU
		{69F47137-8559-4F1E-8CFB-6A84394F3834}.Release|Any CPU.Build.0 = Release|Any CPU
		{B1DFCAD0-7BDC-4D13-9D35-1EF360DC500C}.Debug|Any CPU.ActiveCfg = Debug|Any CPU
		{B1DFCAD0-7BDC-4D13-9D35-1EF360DC500C}.Debug|Any CPU.Build.0 = Debug|Any CPU
		{B1DFCAD0-7BDC-4D13-9D35-1EF360DC500C}.Release|Any CPU.ActiveCfg = Release|Any CPU
		{B1DFCAD0-7BDC-4D13-9D35-1EF360DC500C}.Release|Any CPU.Build.0 = Release|Any CPU
		{C8E63D97-E795-4889-B6C1-8B1DA235DD36}.Debug|Any CPU.ActiveCfg = Debug|Any CPU
		{C8E63D97-E795-4889-B6C1-8B1DA235DD36}.Debug|Any CPU.Build.0 = Debug|Any CPU
		{C8E63D97-E795-4889-B6C1-8B1DA235DD36}.Release|Any CPU.ActiveCfg = Release|Any CPU
		{C8E63D97-E795-4889-B6C1-8B1DA235DD36}.Release|Any CPU.Build.0 = Release|Any CPU
	EndGlobalSection
	GlobalSection(SolutionProperties) = preSolution
		HideSolutionNode = FALSE
	EndGlobalSection
	GlobalSection(ExtensibilityGlobals) = postSolution
		SolutionGuid = {256EE089-2C20-4F57-B35F-9BF37D75E6E6}
	EndGlobalSection
EndGlobal
